
Microsoft Visual Studio Solution File, Format Version 12.00
# Visual Studio Version 17
VisualStudioVersion = 17.3.32929.385
MinimumVisualStudioVersion = 10.0.40219.1
Project("{FAE04EC0-301F-11D3-BF4B-00C04F79EFBC}") = "THA_W7_MEGAN_R", "THA_W7_MEGAN_R\THA_W7_MEGAN_R.csproj", "{93B817B6-5FD5-43D4-966E-CCEF8653E172}"
EndProject
Global
	GlobalSection(SolutionConfigurationPlatforms) = preSolution
		Debug|Any CPU = Debug|Any CPU
		Release|Any CPU = Release|Any CPU
	EndGlobalSection
	GlobalSection(ProjectConfigurationPlatforms) = postSolution
		{93B817B6-5FD5-43D4-966E-CCEF8653E172}.Debug|Any CPU.ActiveCfg = Debug|Any CPU
		{93B817B6-5FD5-43D4-966E-CCEF8653E172}.Debug|Any CPU.Build.0 = Debug|Any CPU
		{93B817B6-5FD5-43D4-966E-CCEF8653E172}.Release|Any CPU.ActiveCfg = Release|Any CPU
		{93B817B6-5FD5-43D4-966E-CCEF8653E172}.Release|Any CPU.Build.0 = Release|Any CPU
	EndGlobalSection
	GlobalSection(SolutionProperties) = preSolution
		HideSolutionNode = FALSE
	EndGlobalSection
	GlobalSection(ExtensibilityGlobals) = postSolution
		SolutionGuid = {7D12A620-E568-4335-8756-D00A18A51122}
	EndGlobalSection
EndGlobal
